Microsoft Visual Studio Solution File, Format Version 12.00
# Visual Studio Version 17
VisualStudioVersion = 17.5.2.0
MinimumVisualStudioVersion = 10.0.40219.1
Project("{FAE04EC0-301F-11D3-BF4B-00C04F79EFBC}") = "SmartDataManager", "SmartDataManager.csproj", "{0CF1ADE2-A178-35D1-6BA4-F9DB1931AC6D}"
EndProject
Global
	GlobalSection(SolutionConfigurationPlatforms) = preSolution
		Debug|Any CPU = Debug|Any CPU
		Release|Any CPU = Release|Any CPU
	EndGlobalSection
	GlobalSection(ProjectConfigurationPlatforms) = postSolution
		{0CF1ADE2-A178-35D1-6BA4-F9DB1931AC6D}.Debug|Any CPU.ActiveCfg = Debug|Any CPU
		{0CF1ADE2-A178-35D1-6BA4-F9DB1931AC6D}.Debug|Any CPU.Build.0 = Debug|Any CPU
		{0CF1ADE2-A178-35D1-6BA4-F9DB1931AC6D}.Release|Any CPU.ActiveCfg = Release|Any CPU
		{0CF1ADE2-A178-35D1-6BA4-F9DB1931AC6D}.Release|Any CPU.Build.0 = Release|Any CPU
	EndGlobalSection
	GlobalSection(SolutionProperties) = preSolution
		HideSolutionNode = FALSE
	EndGlobalSection
	GlobalSection(ExtensibilityGlobals) = postSolution
		SolutionGuid = {B83C807D-E16F-49EE-BDC3-857F435F9A1B}
	EndGlobalSection
EndGlobal
